
Microsoft Visual Studio Solution File, Format Version 12.00
# Visual Studio 15
VisualStudioVersion = 15.0.27703.2018
MinimumVisualStudioVersion = 10.0.40219.1
Project("{8BC9CEB8-8B4A-11D0-8D11-00A0C91BC942}") = "QuickSort", "QuickSort\QuickSort.vcxproj", "{58439627-F0F5-46CD-84FE-5D4DC4DB5839}"
EndProject
Global
	GlobalSection(SolutionConfigurationPlatforms) = preSolution
		Debug|x64 = Debug|x64
		Debug|x86 = Debug|x86
		Release|x64 = Release|x64
		Release|x86 = Release|x86
	EndGlobalSection
	GlobalSection(ProjectConfigurationPlatforms) = postSolution
		{58439627-F0F5-46CD-84FE-5D4DC4DB5839}.Debug|x64.ActiveCfg = Debug|x64
		{58439627-F0F5-46CD-84FE-5D4DC4DB5839}.Debug|x64.Build.0 = Debug|x64
		{58439627-F0F5-46CD-84FE-5D4DC4DB5839}.Debug|x86.ActiveCfg = Debug|Win32
		{58439627-F0F5-46CD-84FE-5D4DC4DB5839}.Debug|x86.Build.0 = Debug|Win32
		{58439627-F0F5-46CD-84FE-5D4DC4DB5839}.Release|x64.ActiveCfg = Release|x64
		{58439627-F0F5-46CD-84FE-5D4DC4DB5839}.Release|x64.Build.0 = Release|x64
		{58439627-F0F5-46CD-84FE-5D4DC4DB5839}.Release|x86.ActiveCfg = Release|Win32
		{58439627-F0F5-46CD-84FE-5D4DC4DB5839}.Release|x86.Build.0 = Release|Win32
	EndGlobalSection
	GlobalSection(SolutionProperties) = preSolution
		HideSolutionNode = FALSE
	EndGlobalSection
	GlobalSection(ExtensibilityGlobals) = postSolution
		SolutionGuid = {9AB20AD2-B68C-4EAF-A17E-CF18E9A3E238}
	EndGlobalSection
EndGlobal
